
Microsoft Visual Studio Solution File, Format Version 12.00
# Visual Studio Version 17
VisualStudioVersion = 17.0.32112.339
MinimumVisualStudioVersion = 10.0.40219.1
Project("{9A19103F-16F7-4668-BE54-9A1E7A4F7556}") = "UnitCheck.Tetra", "Source\UnitCheck.Tetra\UnitCheck.Tetra.csproj", "{A3A893B4-0FCF-41D0-8309-BBF6D98242F6}"
EndProject
Project("{9A19103F-16F7-4668-BE54-9A1E7A4F7556}") = "Tetra.Testing", "Source\Tetra.Testing\Tetra.Testing.csproj", "{303B4797-2052-46A5-A523-1BA26FD812EB}"
EndProject
Project("{9A19103F-16F7-4668-BE54-9A1E7A4F7556}") = "Tetra", "Source\Tetra\Tetra.csproj", "{C9CA0B39-158D-431D-A60C-62E6B97F9158}"
EndProject
Project("{9A19103F-16F7-4668-BE54-9A1E7A4F7556}") = "Tetra.Testing.FSCheck", "Source\Tetra.Testing.FSCheck\Tetra.Testing.FSCheck.csproj", "{769F5232-BB82-4A11-88D8-EA150A4465CB}"
EndProject
Project("{9A19103F-16F7-4668-BE54-9A1E7A4F7556}") = "Tetra.Testing.FileSystem", "Source\Tetra.Testing.FileSystem\Tetra.Testing.FileSystem.csproj", "{12EECB4A-9DA6-43E4-BB21-5BEF579BD239}"
EndProject
Project("{9A19103F-16F7-4668-BE54-9A1E7A4F7556}") = "UnitCheck.Tetra.Testing.FileSystem", "Source\UnitCheck.Tetra.Testing.FileSystem\UnitCheck.Tetra.Testing.FileSystem.csproj", "{D231A294-D54F-41C0-AB96-1BBEC4211B19}"
EndProject
Project("{9A19103F-16F7-4668-BE54-9A1E7A4F7556}") = "UnitCheck.Tetra.Wpf", "Source\UnitCheck.Tetra.Wpf\UnitCheck.Tetra.Wpf.csproj", "{B20411DE-2590-4F63-A8B6-C822E2D8D1CA}"
EndProject
Project("{9A19103F-16F7-4668-BE54-9A1E7A4F7556}") = "Tetra.Controls", "Source\Tetra.Controls\Tetra.Controls.csproj", "{E505A6F4-96A3-4E28-899F-1B70170E766D}"
EndProject
Project("{2150E333-8FDC-42A3-9474-1A3956D46DE8}") = "Testing", "Testing", "{4B86A31C-F3D5-4562-9B12-EFBFA34B9D0A}"
EndProject
Project("{2150E333-8FDC-42A3-9474-1A3956D46DE8}") = "Core", "Core", "{E2EE55F6-6147-4DFD-A576-D6E2C103E76B}"
EndProject
Project("{2150E333-8FDC-42A3-9474-1A3956D46DE8}") = "Controls", "Controls", "{CC1DEB2E-9F5A-45C5-B979-C79234D244E5}"
EndProject
Project("{9A19103F-16F7-4668-BE54-9A1E7A4F7556}") = "Tetra.Controls.Wpf.Contexts", "Source\Tetra.Controls.Wpf.Contexts\Tetra.Controls.Wpf.Contexts.csproj", "{A5481C1E-718D-4EA6-A712-E761F932E7C8}"
EndProject
Project("{9A19103F-16F7-4668-BE54-9A1E7A4F7556}") = "Tetra.Controls.Wpf.Views", "Source\Tetra.Controls.Wpf.Views\Tetra.Controls.Wpf.Views.csproj", "{D24D1A1B-15FB-4099-932A-D8866D26D61C}"
EndProject
Project("{9A19103F-16F7-4668-BE54-9A1E7A4F7556}") = "Tetra.Testing.Controls.Wpf", "Source\Tetra.Testing.Controls.Wpf\Tetra.Testing.Controls.Wpf.csproj", "{119C2A6B-0879-4670-8C10-4CA8A1F58B49}"
EndProject
Project("{9A19103F-16F7-4668-BE54-9A1E7A4F7556}") = "Tetra.Testing.Wpf", "Source\Tetra.Testing.Wpf\Tetra.Testing.Wpf.csproj", "{85843E35-A65F-4D11-86E7-B5ABAA132ECE}"
EndProject
Project("{9A19103F-16F7-4668-BE54-9A1E7A4F7556}") = "Tetra.Ui", "Source\Tetra.Ui\Tetra.Ui.csproj", "{33EACABD-A3B5-473C-843D-70CA85D79B22}"
EndProject
Project("{9A19103F-16F7-4668-BE54-9A1E7A4F7556}") = "Tetra.Ui.Wpf", "Source\Tetra.Ui.Wpf\Tetra.Ui.Wpf.csproj", "{CA42AD0D-04BC-432D-9920-F26B8146444E}"
EndProject
Project("{9A19103F-16F7-4668-BE54-9A1E7A4F7556}") = "Check.Tetra.Controls.Wpf.Environment", "Source\Check.Tetra.Controls.Wpf.Environment\Check.Tetra.Controls.Wpf.Environment.csproj", "{A8B2C8E7-1CA1-4153-BD05-AF922B43AD42}"
EndProject
Project("{9A19103F-16F7-4668-BE54-9A1E7A4F7556}") = "Check.Tetra.Controls.Wpf", "Source\Check.Tetra.Controls.Wpf\Check.Tetra.Controls.Wpf.csproj", "{248AC7D4-AF10-43AF-A1D3-C8F042A081A8}"
EndProject
Global
	GlobalSection(SolutionConfigurationPlatforms) = preSolution
		Debug|x64 = Debug|x64
		Release|x64 = Release|x64
	EndGlobalSection
	GlobalSection(ProjectConfigurationPlatforms) = postSolution
		{A3A893B4-0FCF-41D0-8309-BBF6D98242F6}.Debug|x64.ActiveCfg = Debug|x64
		{A3A893B4-0FCF-41D0-8309-BBF6D98242F6}.Debug|x64.Build.0 = Debug|x64
		{A3A893B4-0FCF-41D0-8309-BBF6D98242F6}.Release|x64.ActiveCfg = Release|x64
		{A3A893B4-0FCF-41D0-8309-BBF6D98242F6}.Release|x64.Build.0 = Release|x64
		{303B4797-2052-46A5-A523-1BA26FD812EB}.Debug|x64.ActiveCfg = Debug|x64
		{303B4797-2052-46A5-A523-1BA26FD812EB}.Debug|x64.Build.0 = Debug|x64
		{303B4797-2052-46A5-A523-1BA26FD812EB}.Release|x64.ActiveCfg = Release|x64
		{303B4797-2052-46A5-A523-1BA26FD812EB}.Release|x64.Build.0 = Release|x64
		{C9CA0B39-158D-431D-A60C-62E6B97F9158}.Debug|x64.ActiveCfg = Debug|x64
		{C9CA0B39-158D-431D-A60C-62E6B97F9158}.Debug|x64.Build.0 = Debug|x64
		{C9CA0B39-158D-431D-A60C-62E6B97F9158}.Release|x64.ActiveCfg = Release|x64
		{C9CA0B39-158D-431D-A60C-62E6B97F9158}.Release|x64.Build.0 = Release|x64
		{769F5232-BB82-4A11-88D8-EA150A4465CB}.Debug|x64.ActiveCfg = Debug|x64
		{769F5232-BB82-4A11-88D8-EA150A4465CB}.Debug|x64.Build.0 = Debug|x64
		{769F5232-BB82-4A11-88D8-EA150A4465CB}.Release|x64.ActiveCfg = Release|x64
		{769F5232-BB82-4A11-88D8-EA150A4465CB}.Release|x64.Build.0 = Release|x64
		{12EECB4A-9DA6-43E4-BB21-5BEF579BD239}.Debug|x64.ActiveCfg = Debug|x64
		{12EECB4A-9DA6-43E4-BB21-5BEF579BD239}.Debug|x64.Build.0 = Debug|x64
		{12EECB4A-9DA6-43E4-BB21-5BEF579BD239}.Release|x64.ActiveCfg = Release|x64
		{12EECB4A-9DA6-43E4-BB21-5BEF579BD239}.Release|x64.Build.0 = Release|x64
		{D231A294-D54F-41C0-AB96-1BBEC4211B19}.Debug|x64.ActiveCfg = Debug|x64
		{D231A294-D54F-41C0-AB96-1BBEC4211B19}.Debug|x64.Build.0 = Debug|x64
		{D231A294-D54F-41C0-AB96-1BBEC4211B19}.Release|x64.ActiveCfg = Release|x64
		{D231A294-D54F-41C0-AB96-1BBEC4211B19}.Release|x64.Build.0 = Release|x64
		{B20411DE-2590-4F63-A8B6-C822E2D8D1CA}.Debug|x64.ActiveCfg = Debug|x64
		{B20411DE-2590-4F63-A8B6-C822E2D8D1CA}.Debug|x64.Build.0 = Debug|x64
		{B20411DE-2590-4F63-A8B6-C822E2D8D1CA}.Release|x64.ActiveCfg = Release|x64
		{B20411DE-2590-4F63-A8B6-C822E2D8D1CA}.Release|x64.Build.0 = Release|x64
		{E505A6F4-96A3-4E28-899F-1B70170E766D}.Debug|x64.ActiveCfg = Debug|x64
		{E505A6F4-96A3-4E28-899F-1B70170E766D}.Debug|x64.Build.0 = Debug|x64
		{E505A6F4-96A3-4E28-899F-1B70170E766D}.Release|x64.ActiveCfg = Release|x64
		{E505A6F4-96A3-4E28-899F-1B70170E766D}.Release|x64.Build.0 = Release|x64
		{A5481C1E-718D-4EA6-A712-E761F932E7C8}.Debug|x64.ActiveCfg = Debug|x64
		{A5481C1E-718D-4EA6-A712-E761F932E7C8}.Debug|x64.Build.0 = Debug|x64
		{A5481C1E-718D-4EA6-A712-E761F932E7C8}.Release|x64.ActiveCfg = Release|x64
		{A5481C1E-718D-4EA6-A712-E761F932E7C8}.Release|x64.Build.0 = Release|x64
		{D24D1A1B-15FB-4099-932A-D8866D26D61C}.Debug|x64.ActiveCfg = Debug|x64
		{D24D1A1B-15FB-4099-932A-D8866D26D61C}.Debug|x64.Build.0 = Debug|x64
		{D24D1A1B-15FB-4099-932A-D8866D26D61C}.Release|x64.ActiveCfg = Release|x64
		{D24D1A1B-15FB-4099-932A-D8866D26D61C}.Release|x64.Build.0 = Release|x64
		{119C2A6B-0879-4670-8C10-4CA8A1F58B49}.Debug|x64.ActiveCfg = Debug|x64
		{119C2A6B-0879-4670-8C10-4CA8A1F58B49}.Debug|x64.Build.0 = Debug|x64
		{119C2A6B-0879-4670-8C10-4CA8A1F58B49}.Release|x64.ActiveCfg = Release|x64
		{119C2A6B-0879-4670-8C10-4CA8A1F58B49}.Release|x64.Build.0 = Release|x64
		{85843E35-A65F-4D11-86E7-B5ABAA132ECE}.Debug|x64.ActiveCfg = Debug|x64
		{85843E35-A65F-4D11-86E7-B5ABAA132ECE}.Debug|x64.Build.0 = Debug|x64
		{85843E35-A65F-4D11-86E7-B5ABAA132ECE}.Release|x64.ActiveCfg = Release|x64
		{85843E35-A65F-4D11-86E7-B5ABAA132ECE}.Release|x64.Build.0 = Release|x64
		{33EACABD-A3B5-473C-843D-70CA85D79B22}.Debug|x64.ActiveCfg = Debug|x64
		{33EACABD-A3B5-473C-843D-70CA85D79B22}.Debug|x64.Build.0 = Debug|x64
		{33EACABD-A3B5-473C-843D-70CA85D79B22}.Release|x64.ActiveCfg = Release|x64
		{33EACABD-A3B5-473C-843D-70CA85D79B22}.Release|x64.Build.0 = Release|x64
		{CA42AD0D-04BC-432D-9920-F26B8146444E}.Debug|x64.ActiveCfg = Debug|x64
		{CA42AD0D-04BC-432D-9920-F26B8146444E}.Debug|x64.Build.0 = Debug|x64
		{CA42AD0D-04BC-432D-9920-F26B8146444E}.Release|x64.ActiveCfg = Release|x64
		{CA42AD0D-04BC-432D-9920-F26B8146444E}.Release|x64.Build.0 = Release|x64
		{A8B2C8E7-1CA1-4153-BD05-AF922B43AD42}.Debug|x64.ActiveCfg = Debug|x64
		{A8B2C8E7-1CA1-4153-BD05-AF922B43AD42}.Debug|x64.Build.0 = Debug|x64
		{A8B2C8E7-1CA1-4153-BD05-AF922B43AD42}.Release|x64.ActiveCfg = Release|x64
		{A8B2C8E7-1CA1-4153-BD05-AF922B43AD42}.Release|x64.Build.0 = Release|x64
		{248AC7D4-AF10-43AF-A1D3-C8F042A081A8}.Debug|x64.ActiveCfg = Debug|x64
		{248AC7D4-AF10-43AF-A1D3-C8F042A081A8}.Debug|x64.Build.0 = Debug|x64
		{248AC7D4-AF10-43AF-A1D3-C8F042A081A8}.Release|x64.ActiveCfg = Release|x64
		{248AC7D4-AF10-43AF-A1D3-C8F042A081A8}.Release|x64.Build.0 = Release|x64
	EndGlobalSection
	GlobalSection(SolutionProperties) = preSolution
		HideSolutionNode = FALSE
	EndGlobalSection
	GlobalSection(NestedProjects) = preSolution
		{A3A893B4-0FCF-41D0-8309-BBF6D98242F6} = {E2EE55F6-6147-4DFD-A576-D6E2C103E76B}
		{303B4797-2052-46A5-A523-1BA26FD812EB} = {4B86A31C-F3D5-4562-9B12-EFBFA34B9D0A}
		{C9CA0B39-158D-431D-A60C-62E6B97F9158} = {E2EE55F6-6147-4DFD-A576-D6E2C103E76B}
		{769F5232-BB82-4A11-88D8-EA150A4465CB} = {4B86A31C-F3D5-4562-9B12-EFBFA34B9D0A}
		{12EECB4A-9DA6-43E4-BB21-5BEF579BD239} = {4B86A31C-F3D5-4562-9B12-EFBFA34B9D0A}
		{D231A294-D54F-41C0-AB96-1BBEC4211B19} = {4B86A31C-F3D5-4562-9B12-EFBFA34B9D0A}
		{B20411DE-2590-4F63-A8B6-C822E2D8D1CA} = {E2EE55F6-6147-4DFD-A576-D6E2C103E76B}
		{E505A6F4-96A3-4E28-899F-1B70170E766D} = {CC1DEB2E-9F5A-45C5-B979-C79234D244E5}
		{A5481C1E-718D-4EA6-A712-E761F932E7C8} = {CC1DEB2E-9F5A-45C5-B979-C79234D244E5}
		{D24D1A1B-15FB-4099-932A-D8866D26D61C} = {CC1DEB2E-9F5A-45C5-B979-C79234D244E5}
		{119C2A6B-0879-4670-8C10-4CA8A1F58B49} = {4B86A31C-F3D5-4562-9B12-EFBFA34B9D0A}
		{85843E35-A65F-4D11-86E7-B5ABAA132ECE} = {4B86A31C-F3D5-4562-9B12-EFBFA34B9D0A}
		{33EACABD-A3B5-473C-843D-70CA85D79B22} = {E2EE55F6-6147-4DFD-A576-D6E2C103E76B}
		{CA42AD0D-04BC-432D-9920-F26B8146444E} = {E2EE55F6-6147-4DFD-A576-D6E2C103E76B}
		{A8B2C8E7-1CA1-4153-BD05-AF922B43AD42} = {CC1DEB2E-9F5A-45C5-B979-C79234D244E5}
		{248AC7D4-AF10-43AF-A1D3-C8F042A081A8} = {CC1DEB2E-9F5A-45C5-B979-C79234D244E5}
	EndGlobalSection
	GlobalSection(ExtensibilityGlobals) = postSolution
		SolutionGuid = {0C51968D-099A-4C22-A2C4-1B8E4DA238D3}
	EndGlobalSection
EndGlobal
