
Microsoft Visual Studio Solution File, Format Version 12.00
# Visual Studio Version 17
VisualStudioVersion = 17.0.32112.339
MinimumVisualStudioVersion = 10.0.40219.1
Project("{9A19103F-16F7-4668-BE54-9A1E7A4F7556}") = "UnitCheck.Tetra", "Source\UnitCheck.Tetra\UnitCheck.Tetra.csproj", "{A3A893B4-0FCF-41D0-8309-BBF6D98242F6}"
EndProject
Project("{9A19103F-16F7-4668-BE54-9A1E7A4F7556}") = "Tetra.Testing", "Source\Tetra.Testing\Tetra.Testing.csproj", "{303B4797-2052-46A5-A523-1BA26FD812EB}"
EndProject
Project("{9A19103F-16F7-4668-BE54-9A1E7A4F7556}") = "Tetra", "Source\Tetra\Tetra.csproj", "{C9CA0B39-158D-431D-A60C-62E6B97F9158}"
EndProject
Project("{9A19103F-16F7-4668-BE54-9A1E7A4F7556}") = "Tetra.Testing.FSCheck", "Source\Tetra.Testing.FSCheck\Tetra.Testing.FSCheck.csproj", "{769F5232-BB82-4A11-88D8-EA150A4465CB}"
EndProject
Project("{9A19103F-16F7-4668-BE54-9A1E7A4F7556}") = "Tetra.Testing.FileSystem", "Source\Tetra.Testing.FileSystem\Tetra.Testing.FileSystem.csproj", "{12EECB4A-9DA6-43E4-BB21-5BEF579BD239}"
EndProject
Project("{9A19103F-16F7-4668-BE54-9A1E7A4F7556}") = "UnitCheck.Tetra.Testing.FileSystem", "Source\UnitCheck.Tetra.Testing.FileSystem\UnitCheck.Tetra.Testing.FileSystem.csproj", "{D231A294-D54F-41C0-AB96-1BBEC4211B19}"
EndProject
Project("{9A19103F-16F7-4668-BE54-9A1E7A4F7556}") = "Tetra.Wpf", "Source\Tetra.Wpf\Tetra.Wpf.csproj", "{B0DE1ACB-BDD8-4B03-B856-1121FC7BC0B1}"
EndProject
Project("{9A19103F-16F7-4668-BE54-9A1E7A4F7556}") = "UnitCheck.Tetra.Wpf", "Source\UnitCheck.Tetra.Wpf\UnitCheck.Tetra.Wpf.csproj", "{B20411DE-2590-4F63-A8B6-C822E2D8D1CA}"
EndProject
Global
	GlobalSection(SolutionConfigurationPlatforms) = preSolution
		Debug|x64 = Debug|x64
		Release|x64 = Release|x64
	EndGlobalSection
	GlobalSection(ProjectConfigurationPlatforms) = postSolution
		{A3A893B4-0FCF-41D0-8309-BBF6D98242F6}.Debug|x64.ActiveCfg = Debug|x64
		{A3A893B4-0FCF-41D0-8309-BBF6D98242F6}.Debug|x64.Build.0 = Debug|x64
		{A3A893B4-0FCF-41D0-8309-BBF6D98242F6}.Release|x64.ActiveCfg = Release|x64
		{A3A893B4-0FCF-41D0-8309-BBF6D98242F6}.Release|x64.Build.0 = Release|x64
		{303B4797-2052-46A5-A523-1BA26FD812EB}.Debug|x64.ActiveCfg = Debug|x64
		{303B4797-2052-46A5-A523-1BA26FD812EB}.Debug|x64.Build.0 = Debug|x64
		{303B4797-2052-46A5-A523-1BA26FD812EB}.Release|x64.ActiveCfg = Release|x64
		{303B4797-2052-46A5-A523-1BA26FD812EB}.Release|x64.Build.0 = Release|x64
		{C9CA0B39-158D-431D-A60C-62E6B97F9158}.Debug|x64.ActiveCfg = Debug|x64
		{C9CA0B39-158D-431D-A60C-62E6B97F9158}.Debug|x64.Build.0 = Debug|x64
		{C9CA0B39-158D-431D-A60C-62E6B97F9158}.Release|x64.ActiveCfg = Release|x64
		{C9CA0B39-158D-431D-A60C-62E6B97F9158}.Release|x64.Build.0 = Release|x64
		{769F5232-BB82-4A11-88D8-EA150A4465CB}.Debug|x64.ActiveCfg = Debug|x64
		{769F5232-BB82-4A11-88D8-EA150A4465CB}.Debug|x64.Build.0 = Debug|x64
		{769F5232-BB82-4A11-88D8-EA150A4465CB}.Release|x64.ActiveCfg = Release|x64
		{769F5232-BB82-4A11-88D8-EA150A4465CB}.Release|x64.Build.0 = Release|x64
		{12EECB4A-9DA6-43E4-BB21-5BEF579BD239}.Debug|x64.ActiveCfg = Debug|x64
		{12EECB4A-9DA6-43E4-BB21-5BEF579BD239}.Debug|x64.Build.0 = Debug|x64
		{12EECB4A-9DA6-43E4-BB21-5BEF579BD239}.Release|x64.ActiveCfg = Release|x64
		{12EECB4A-9DA6-43E4-BB21-5BEF579BD239}.Release|x64.Build.0 = Release|x64
		{D231A294-D54F-41C0-AB96-1BBEC4211B19}.Debug|x64.ActiveCfg = Debug|x64
		{D231A294-D54F-41C0-AB96-1BBEC4211B19}.Debug|x64.Build.0 = Debug|x64
		{D231A294-D54F-41C0-AB96-1BBEC4211B19}.Release|x64.ActiveCfg = Release|x64
		{D231A294-D54F-41C0-AB96-1BBEC4211B19}.Release|x64.Build.0 = Release|x64
		{B0DE1ACB-BDD8-4B03-B856-1121FC7BC0B1}.Debug|x64.ActiveCfg = Debug|x64
		{B0DE1ACB-BDD8-4B03-B856-1121FC7BC0B1}.Debug|x64.Build.0 = Debug|x64
		{B0DE1ACB-BDD8-4B03-B856-1121FC7BC0B1}.Release|x64.ActiveCfg = Release|x64
		{B0DE1ACB-BDD8-4B03-B856-1121FC7BC0B1}.Release|x64.Build.0 = Release|x64
		{B20411DE-2590-4F63-A8B6-C822E2D8D1CA}.Debug|x64.ActiveCfg = Debug|x64
		{B20411DE-2590-4F63-A8B6-C822E2D8D1CA}.Debug|x64.Build.0 = Debug|x64
		{B20411DE-2590-4F63-A8B6-C822E2D8D1CA}.Release|x64.ActiveCfg = Release|x64
		{B20411DE-2590-4F63-A8B6-C822E2D8D1CA}.Release|x64.Build.0 = Release|x64
	EndGlobalSection
	GlobalSection(SolutionProperties) = preSolution
		HideSolutionNode = FALSE
	EndGlobalSection
	GlobalSection(ExtensibilityGlobals) = postSolution
		SolutionGuid = {0C51968D-099A-4C22-A2C4-1B8E4DA238D3}
	EndGlobalSection
EndGlobal
